# THIS IS AN AUTOGENERATED FILE. DO NOT EDIT THIS FILE DIRECTLY.
# yarn lockfile v1


luaparse@^0.3.1:
  version "0.3.1"
  resolved "https://registry.yarnpkg.com/luaparse/-/luaparse-0.3.1.tgz#0899fe5ff5ad3ccd3166632027d150b91291b330"
  integrity sha512-b21h2bFEbtGXmVqguHogbyrMAA0wOHyp9u/rx+w6Yc9pW1t9YjhGUsp87lYcp7pFRqSWN/PhFkrdIqKEUzRjjQ==
